{
  "originHash" : "5cb1087c1abf576897f9d79952bae8f068dfa7deb6fd1989be3e4abc1c33cc88",
  "pins" : [
    {
      "identity" : "swift-argument-parser",
      "kind" : "remoteSourceControl",
      "location" : "https://github.com/apple/swift-argument-parser",
      "state" : {
        "revision" : "cdd0ef3755280949551dc26dee5de9ddeda89f54",
        "version" : "1.6.2"
      }
    }
  ],
  "version" : 3
}
